{
  "version": "1.0.0",
  "lockfileVersion": 1,
  "packages": {
    "@prpm/self-improving-skill": {
      "version": "1.0.4",
      "resolved": "https://registry.prpm.dev/api/v1/packages/%40prpm%2Fself-improving-skill/1.0.4.tar.gz",
      "integrity": "sha256-48752efd6765bf92f03a0aa1a15c45808484d7d96bf18d3eeaa4d03a41f86f79",
      "format": "claude",
      "subtype": "skill",
      "sourceFormat": "claude",
      "sourceSubtype": "skill",
      "installedPath": ".claude/skills/self-improving-skill/SKILL.md"
    },
    "@prpm/creating-skills-skill": {
      "version": "1.0.3",
      "resolved": "https://registry.prpm.dev/api/v1/packages/%40prpm%2Fcreating-skills-skill/1.0.3.tar.gz",
      "integrity": "sha256-ff3044675a4b62b3dff77ae2cf796603a21ded7998d41f0bca3db0f97b3bfa01",
      "format": "claude",
      "subtype": "skill",
      "sourceFormat": "claude",
      "sourceSubtype": "skill",
      "installedPath": ".claude/skills/creating-skills-skill/SKILL.md"
    },
    "@wshobson/agents/python-development/python-pro": {
      "version": "1.0.0",
      "resolved": "https://registry.prpm.dev/api/v1/packages/%40wshobson%2Fagents%2Fpython-development%2Fpython-pro/1.0.0.tar.gz",
      "integrity": "sha256-8b85bbd75d5564b1dbf85200d7a13f1a28a00dc0529c72c38c97ff60bdec1834",
      "format": "claude",
      "subtype": "agent",
      "sourceFormat": "claude",
      "sourceSubtype": "agent",
      "installedPath": ".claude/agents/python-pro.md"
    },
    "@prpm/agent-builder-skill": {
      "version": "1.0.3",
      "resolved": "https://registry.prpm.dev/api/v1/packages/%40prpm%2Fagent-builder-skill/1.0.3.tar.gz",
      "integrity": "sha256-0705011f4d56fad66974f4d5acfe9cc5a47e7d7b289f6aa269c6dd68bf0d3874",
      "format": "claude",
      "subtype": "skill",
      "sourceFormat": "claude",
      "sourceSubtype": "skill",
      "installedPath": ".claude/skills/agent-builder-skill"
    }
  },
  "generated": "2025-11-17T11:35:32.474Z"
}